# This file is automatically @generated by Cargo.
# It is not intended for manual editing.
version = 4

[[package]]
name = "dependable"
version = "0.1.0"
dependencies = [
 "dependable-core",
 "dependable-fetch",
]

[[package]]
name = "dependable-core"
version = "0.1.0"

[[package]]
name = "dependable-fetch"
version = "0.1.0"
dependencies = [
 "dependable-core",
]
