# This file is automatically @generated by Cargo.
# It is not intended for manual editing.
version = 4

[[package]]
name = "app"
version = "0.1.0"
dependencies = [
 "gitdep",
 "leftpad",
 "util",
]

[[package]]
name = "gitdep"
version = "0.3.0"
source = "git+https://example.com/gitdep#deadbeefdeadbeefdeadbeefdeadbeefdeadbeef"

[[package]]
name = "leftpad"
version = "1.2.0"
source = "registry+https://github.com/rust-lang/crates.io-index"
dependencies = [
 "smallvec",
]

[[package]]
name = "smallvec"
version = "1.13.2"
source = "registry+https://github.com/rust-lang/crates.io-index"

[[package]]
name = "util"
version = "0.1.0"
dependencies = [
 "leftpad",
]
