{
  "pins" : [
    {
      "identity" : "swift-crypto",
      "kind" : "remoteSourceControl",
      "location" : "https://github.com/apple/swift-crypto.git",
      "state" : {
        "revision" : "8fa345d1f1b0a1cd80eb2d7d1e8f3c9a5b7d2e40",
        "version" : "3.4.0"
      }
    },
    {
      "identity" : "swift-log",
      "kind" : "remoteSourceControl",
      "location" : "https://github.com/apple/swift-log.git",
      "state" : {
        "revision" : "9cb486020ebf03bfa5b5df985387a14a98744537",
        "version" : "1.5.4"
      }
    },
    {
      "identity" : "swift-nio",
      "kind" : "remoteSourceControl",
      "location" : "https://github.com/apple/swift-nio.git",
      "state" : {
        "revision" : "635b2589494c97e48c62514bc8b37ced762e0a62",
        "version" : "2.65.0"
      }
    },
    {
      "identity" : "sample-helpers",
      "kind" : "fileSystem",
      "location" : "../sample-helpers",
      "state" : {
      }
    },
    {
      "identity" : "swift-experimental",
      "kind" : "remoteSourceControl",
      "location" : "https://github.com/acme/swift-experimental.git",
      "state" : {
        "branch" : "main",
        "revision" : "0f1b6d1e1d6c86b2a2c5b0a1f8a1c8d5e1f0a9b8"
      }
    }
  ],
  "version" : 2
}
