# Generated by pub
# See https://dart.dev/tools/pub/glossary#lockfile
packages:
  http:
    dependency: "direct main"
    description:
      name: http
      url: "https://pub.dev"
    source: hosted
    version: "1.1.0"
  provider:
    dependency: "direct main"
    description:
      name: provider
      url: "https://pub.dev"
    source: hosted
    version: "6.0.5"
  test:
    dependency: "direct dev"
    description:
      name: test
      url: "https://pub.dev"
    source: hosted
    version: "1.24.9"
sdks:
  dart: ">=2.12.0 <3.0.0"
